<?xml version="1.0" encoding="UTF-8"?>
<!DOCTYPE plist PUBLIC "-//Apple//DTD PLIST 1.0//EN" "http://www.apple.com/DTDs/PropertyList-1.0.dtd">
<plist version="1.0">
<dict>
	<key>archiveVersion</key>
	<string>1</string>
	<key>classes</key>
	<dict/>
	<key>objectVersion</key>
	<string>46</string>
	<key>objects</key>
	<dict>
		<key>500A14F619B9A3A20059DE22</key>
		<dict>
			<key>isa</key>
			<string>PBXFileReference</string>
			<key>lastKnownFileType</key>
			<string>wrapper.framework</string>
			<key>name</key>
			<string>CoreData.framework</string>
			<key>path</key>
			<string>System/Library/Frameworks/CoreData.framework</string>
			<key>sourceTree</key>
			<string>SDKROOT</string>
		</dict>
		<key>500A14F719B9A3A20059DE22</key>
		<dict>
			<key>fileRef</key>
			<string>500A14F619B9A3A20059DE22</string>
			<key>isa</key>
			<string>PBXBuildFile</string>
		</dict>
		<key>500A14F819B9A3EC0059DE22</key>
		<dict>
			<key>fileEncoding</key>
			<string>4</string>
			<key>isa</key>
			<string>PBXFileReference</string>
			<key>lastKnownFileType</key>
			<string>sourcecode.c.h</string>
			<key>path</key>
			<string>NSManagedObject+SafeSetters.h</string>
			<key>sourceTree</key>
			<string>&lt;group&gt;</string>
		</dict>
		<key>500A14F919B9A3EC0059DE22</key>
		<dict>
			<key>fileEncoding</key>
			<string>4</string>
			<key>isa</key>
			<string>PBXFileReference</string>
			<key>lastKnownFileType</key>
			<string>sourcecode.c.objc</string>
			<key>path</key>
			<string>NSManagedObject+SafeSetters.m</string>
			<key>sourceTree</key>
			<string>&lt;group&gt;</string>
		</dict>
		<key>500A14FA19B9A3EC0059DE22</key>
		<dict>
			<key>fileRef</key>
			<string>500A14F919B9A3EC0059DE22</string>
			<key>isa</key>
			<string>PBXBuildFile</string>
		</dict>
		<key>500A14FB19B9AAB50059DE22</key>
		<dict>
			<key>children</key>
			<array>
				<string>500A14FC19B9AAB50059DE22</string>
			</array>
			<key>currentVersion</key>
			<string>500A14FC19B9AAB50059DE22</string>
			<key>isa</key>
			<string>XCVersionGroup</string>
			<key>path</key>
			<string>TestDataModel.xcdatamodeld</string>
			<key>sourceTree</key>
			<string>&lt;group&gt;</string>
			<key>versionGroupType</key>
			<string>wrapper.xcdatamodel</string>
		</dict>
		<key>500A14FC19B9AAB50059DE22</key>
		<dict>
			<key>isa</key>
			<string>PBXFileReference</string>
			<key>lastKnownFileType</key>
			<string>wrapper.xcdatamodel</string>
			<key>path</key>
			<string>TestDataModel.xcdatamodel</string>
			<key>sourceTree</key>
			<string>&lt;group&gt;</string>
		</dict>
		<key>500A150119B9AC4B0059DE22</key>
		<dict>
			<key>fileEncoding</key>
			<string>4</string>
			<key>isa</key>
			<string>PBXFileReference</string>
			<key>lastKnownFileType</key>
			<string>sourcecode.c.h</string>
			<key>path</key>
			<string>NSArray+Permutations.h</string>
			<key>sourceTree</key>
			<string>&lt;group&gt;</string>
		</dict>
		<key>500A150219B9AC4B0059DE22</key>
		<dict>
			<key>fileEncoding</key>
			<string>4</string>
			<key>isa</key>
			<string>PBXFileReference</string>
			<key>lastKnownFileType</key>
			<string>sourcecode.c.objc</string>
			<key>path</key>
			<string>NSArray+Permutations.m</string>
			<key>sourceTree</key>
			<string>&lt;group&gt;</string>
		</dict>
		<key>500A150319B9AC4B0059DE22</key>
		<dict>
			<key>fileRef</key>
			<string>500A150219B9AC4B0059DE22</string>
			<key>isa</key>
			<string>PBXBuildFile</string>
		</dict>
		<key>500A150419B9ACD10059DE22</key>
		<dict>
			<key>fileEncoding</key>
			<string>4</string>
			<key>isa</key>
			<string>PBXFileReference</string>
			<key>lastKnownFileType</key>
			<string>sourcecode.c.h</string>
			<key>path</key>
			<string>DatabaseTestHelperMethods.h</string>
			<key>sourceTree</key>
			<string>&lt;group&gt;</string>
		</dict>
		<key>500A150519B9ACD10059DE22</key>
		<dict>
			<key>fileEncoding</key>
			<string>4</string>
			<key>isa</key>
			<string>PBXFileReference</string>
			<key>lastKnownFileType</key>
			<string>sourcecode.c.objc</string>
			<key>path</key>
			<string>DatabaseTestHelperMethods.m</string>
			<key>sourceTree</key>
			<string>&lt;group&gt;</string>
		</dict>
		<key>500A150619B9ACD10059DE22</key>
		<dict>
			<key>fileRef</key>
			<string>500A150519B9ACD10059DE22</string>
			<key>isa</key>
			<string>PBXBuildFile</string>
		</dict>
		<key>500A150719B9ACD80059DE22</key>
		<dict>
			<key>children</key>
			<array>
				<string>5045A5C319B6ED1200ED99BB</string>
				<string>5045A5C419B6ED1200ED99BB</string>
			</array>
			<key>isa</key>
			<string>PBXGroup</string>
			<key>name</key>
			<string>GetEntity</string>
			<key>sourceTree</key>
			<string>&lt;group&gt;</string>
		</dict>
		<key>500A150819B9ACE00059DE22</key>
		<dict>
			<key>children</key>
			<array>
				<string>5045A5C119B6ED1200ED99BB</string>
				<string>5045A5C219B6ED1200ED99BB</string>
			</array>
			<key>isa</key>
			<string>PBXGroup</string>
			<key>name</key>
			<string>Fetching</string>
			<key>sourceTree</key>
			<string>&lt;group&gt;</string>
		</dict>
		<key>500A150919B9ACE80059DE22</key>
		<dict>
			<key>children</key>
			<array>
				<string>5045A5C519B6ED1200ED99BB</string>
				<string>5045A5C619B6ED1200ED99BB</string>
			</array>
			<key>isa</key>
			<string>PBXGroup</string>
			<key>name</key>
			<string>RemoveEntity</string>
			<key>sourceTree</key>
			<string>&lt;group&gt;</string>
		</dict>
		<key>500A150A19B9ACF40059DE22</key>
		<dict>
			<key>children</key>
			<array>
				<string>5045A5BF19B6ED1200ED99BB</string>
				<string>5045A5C019B6ED1200ED99BB</string>
			</array>
			<key>isa</key>
			<string>PBXGroup</string>
			<key>name</key>
			<string>CreateEntity</string>
			<key>sourceTree</key>
			<string>&lt;group&gt;</string>
		</dict>
		<key>500A150B19B9ACFD0059DE22</key>
		<dict>
			<key>children</key>
			<array>
				<string>5045A5BD19B6ED1200ED99BB</string>
				<string>5045A5BE19B6ED1200ED99BB</string>
			</array>
			<key>isa</key>
			<string>PBXGroup</string>
			<key>name</key>
			<string>CountEntities</string>
			<key>sourceTree</key>
			<string>&lt;group&gt;</string>
		</dict>
		<key>500A158B19BA09490059DE22</key>
		<dict>
			<key>fileRef</key>
			<string>500A14F619B9A3A20059DE22</string>
			<key>isa</key>
			<string>PBXBuildFile</string>
		</dict>
		<key>500A158C19BA0DEE0059DE22</key>
		<dict>
			<key>fileRef</key>
			<string>500A14FB19B9AAB50059DE22</string>
			<key>isa</key>
			<string>PBXBuildFile</string>
		</dict>
		<key>50279A3A1ADBDA8B0021D959</key>
		<dict>
			<key>fileEncoding</key>
			<string>4</string>
			<key>isa</key>
			<string>PBXFileReference</string>
			<key>lastKnownFileType</key>
			<string>sourcecode.c.h</string>
			<key>path</key>
			<string>TestEntity.h</string>
			<key>sourceTree</key>
			<string>&lt;group&gt;</string>
		</dict>
		<key>50279A3B1ADBDA8B0021D959</key>
		<dict>
			<key>fileEncoding</key>
			<string>4</string>
			<key>isa</key>
			<string>PBXFileReference</string>
			<key>lastKnownFileType</key>
			<string>sourcecode.c.objc</string>
			<key>path</key>
			<string>TestEntity.m</string>
			<key>sourceTree</key>
			<string>&lt;group&gt;</string>
		</dict>
		<key>50279A3C1ADBDA8B0021D959</key>
		<dict>
			<key>fileRef</key>
			<string>50279A3B1ADBDA8B0021D959</string>
			<key>isa</key>
			<string>PBXBuildFile</string>
		</dict>
		<key>5045A58819B61FAB00ED99BB</key>
		<dict>
			<key>children</key>
			<array>
				<string>5045A59619B61FAB00ED99BB</string>
				<string>5045A5AA19B61FAB00ED99BB</string>
				<string>5045A59319B61FAB00ED99BB</string>
				<string>5045A59219B61FAB00ED99BB</string>
				<string>C29AA8AFE339F1ABE0D3D883</string>
			</array>
			<key>isa</key>
			<string>PBXGroup</string>
			<key>sourceTree</key>
			<string>&lt;group&gt;</string>
		</dict>
		<key>5045A58919B61FAB00ED99BB</key>
		<dict>
			<key>attributes</key>
			<dict>
				<key>LastUpgradeCheck</key>
				<string>0510</string>
				<key>ORGANIZATIONNAME</key>
				<string>Pilot</string>
			</dict>
			<key>buildConfigurationList</key>
			<string>5045A58C19B61FAB00ED99BB</string>
			<key>compatibilityVersion</key>
			<string>Xcode 3.2</string>
			<key>developmentRegion</key>
			<string>English</string>
			<key>hasScannedForEncodings</key>
			<string>0</string>
			<key>isa</key>
			<string>PBXProject</string>
			<key>knownRegions</key>
			<array>
				<string>en</string>
			</array>
			<key>mainGroup</key>
			<string>5045A58819B61FAB00ED99BB</string>
			<key>productRefGroup</key>
			<string>5045A59219B61FAB00ED99BB</string>
			<key>projectDirPath</key>
			<string></string>
			<key>projectReferences</key>
			<array/>
			<key>projectRoot</key>
			<string></string>
			<key>targets</key>
			<array>
				<string>5045A59019B61FAB00ED99BB</string>
				<string>5045A5A019B61FAB00ED99BB</string>
			</array>
		</dict>
		<key>5045A58C19B61FAB00ED99BB</key>
		<dict>
			<key>buildConfigurations</key>
			<array>
				<string>5045A5B219B61FAB00ED99BB</string>
				<string>5045A5B319B61FAB00ED99BB</string>
			</array>
			<key>defaultConfigurationIsVisible</key>
			<string>0</string>
			<key>defaultConfigurationName</key>
			<string>Release</string>
			<key>isa</key>
			<string>XCConfigurationList</string>
		</dict>
		<key>5045A58D19B61FAB00ED99BB</key>
		<dict>
			<key>buildActionMask</key>
			<string>2147483647</string>
			<key>files</key>
			<array>
				<string>5045A5E519B6EED700ED99BB</string>
				<string>5045A5E319B6EED700ED99BB</string>
				<string>5045A59C19B61FAB00ED99BB</string>
				<string>5045A5E219B6EED700ED99BB</string>
				<string>5045A5D019B6ED1200ED99BB</string>
				<string>5045A5D419B6ED1200ED99BB</string>
				<string>5045A5D219B6ED1200ED99BB</string>
				<string>5045A5E419B6EED700ED99BB</string>
				<string>5045A5D319B6ED1200ED99BB</string>
				<string>500A14FA19B9A3EC0059DE22</string>
				<string>5045A5D119B6ED1200ED99BB</string>
			</array>
			<key>isa</key>
			<string>PBXSourcesBuildPhase</string>
			<key>runOnlyForDeploymentPostprocessing</key>
			<string>0</string>
		</dict>
		<key>5045A58E19B61FAB00ED99BB</key>
		<dict>
			<key>buildActionMask</key>
			<string>2147483647</string>
			<key>files</key>
			<array>
				<string>500A14F719B9A3A20059DE22</string>
				<string>5045A59519B61FAB00ED99BB</string>
			</array>
			<key>isa</key>
			<string>PBXFrameworksBuildPhase</string>
			<key>runOnlyForDeploymentPostprocessing</key>
			<string>0</string>
		</dict>
		<key>5045A58F19B61FAB00ED99BB</key>
		<dict>
			<key>buildActionMask</key>
			<string>2147483647</string>
			<key>dstPath</key>
			<string>include/$(PRODUCT_NAME)</string>
			<key>dstSubfolderSpec</key>
			<string>16</string>
			<key>files</key>
			<array>
				<string>5045A59A19B61FAB00ED99BB</string>
			</array>
			<key>isa</key>
			<string>PBXCopyFilesBuildPhase</string>
			<key>runOnlyForDeploymentPostprocessing</key>
			<string>0</string>
		</dict>
		<key>5045A59019B61FAB00ED99BB</key>
		<dict>
			<key>buildConfigurationList</key>
			<string>5045A5B419B61FAB00ED99BB</string>
			<key>buildPhases</key>
			<array>
				<string>5045A58D19B61FAB00ED99BB</string>
				<string>5045A58E19B61FAB00ED99BB</string>
				<string>5045A58F19B61FAB00ED99BB</string>
			</array>
			<key>buildRules</key>
			<array/>
			<key>dependencies</key>
			<array/>
			<key>isa</key>
			<string>PBXNativeTarget</string>
			<key>name</key>
			<string>PCDatabaseCore</string>
			<key>productName</key>
			<string>PCDatabaseCore</string>
			<key>productReference</key>
			<string>5045A59119B61FAB00ED99BB</string>
			<key>productType</key>
			<string>com.apple.product-type.library.static</string>
		</dict>
		<key>5045A59119B61FAB00ED99BB</key>
		<dict>
			<key>explicitFileType</key>
			<string>archive.ar</string>
			<key>includeInIndex</key>
			<string>0</string>
			<key>isa</key>
			<string>PBXFileReference</string>
			<key>path</key>
			<string>libPCDatabaseCore.a</string>
			<key>sourceTree</key>
			<string>BUILT_PRODUCTS_DIR</string>
		</dict>
		<key>5045A59219B61FAB00ED99BB</key>
		<dict>
			<key>children</key>
			<array>
				<string>5045A59119B61FAB00ED99BB</string>
				<string>5045A5A119B61FAB00ED99BB</string>
			</array>
			<key>isa</key>
			<string>PBXGroup</string>
			<key>name</key>
			<string>Products</string>
			<key>sourceTree</key>
			<string>&lt;group&gt;</string>
		</dict>
		<key>5045A59319B61FAB00ED99BB</key>
		<dict>
			<key>children</key>
			<array>
				<string>500A14F619B9A3A20059DE22</string>
				<string>5045A59419B61FAB00ED99BB</string>
				<string>5045A5A219B61FAB00ED99BB</string>
				<string>5045A5A519B61FAB00ED99BB</string>
				<string>C88AC2A23FAD4E9C98F74919</string>
			</array>
			<key>isa</key>
			<string>PBXGroup</string>
			<key>name</key>
			<string>Frameworks</string>
			<key>sourceTree</key>
			<string>&lt;group&gt;</string>
		</dict>
		<key>5045A59419B61FAB00ED99BB</key>
		<dict>
			<key>isa</key>
			<string>PBXFileReference</string>
			<key>lastKnownFileType</key>
			<string>wrapper.framework</string>
			<key>name</key>
			<string>Foundation.framework</string>
			<key>path</key>
			<string>System/Library/Frameworks/Foundation.framework</string>
			<key>sourceTree</key>
			<string>SDKROOT</string>
		</dict>
		<key>5045A59519B61FAB00ED99BB</key>
		<dict>
			<key>fileRef</key>
			<string>5045A59419B61FAB00ED99BB</string>
			<key>isa</key>
			<string>PBXBuildFile</string>
		</dict>
		<key>5045A59619B61FAB00ED99BB</key>
		<dict>
			<key>children</key>
			<array>
				<string>50DBEDAA19D2E738007CB315</string>
				<string>5045A5D919B6EED700ED99BB</string>
				<string>5045A59919B61FAB00ED99BB</string>
				<string>5045A59B19B61FAB00ED99BB</string>
				<string>5045A5BA19B6ED1200ED99BB</string>
				<string>500A150B19B9ACFD0059DE22</string>
				<string>500A150A19B9ACF40059DE22</string>
				<string>500A150819B9ACE00059DE22</string>
				<string>500A150719B9ACD80059DE22</string>
				<string>500A150919B9ACE80059DE22</string>
				<string>5045A59719B61FAB00ED99BB</string>
			</array>
			<key>isa</key>
			<string>PBXGroup</string>
			<key>path</key>
			<string>PCDatabaseCore</string>
			<key>sourceTree</key>
			<string>&lt;group&gt;</string>
		</dict>
		<key>5045A59719B61FAB00ED99BB</key>
		<dict>
			<key>children</key>
			<array>
				<string>5045A59819B61FAB00ED99BB</string>
			</array>
			<key>isa</key>
			<string>PBXGroup</string>
			<key>name</key>
			<string>Supporting Files</string>
			<key>sourceTree</key>
			<string>&lt;group&gt;</string>
		</dict>
		<key>5045A59819B61FAB00ED99BB</key>
		<dict>
			<key>isa</key>
			<string>PBXFileReference</string>
			<key>lastKnownFileType</key>
			<string>sourcecode.c.h</string>
			<key>path</key>
			<string>PCDatabaseCore-Prefix.pch</string>
			<key>sourceTree</key>
			<string>&lt;group&gt;</string>
		</dict>
		<key>5045A59919B61FAB00ED99BB</key>
		<dict>
			<key>isa</key>
			<string>PBXFileReference</string>
			<key>lastKnownFileType</key>
			<string>sourcecode.c.h</string>
			<key>path</key>
			<string>PCDatabaseCore.h</string>
			<key>sourceTree</key>
			<string>&lt;group&gt;</string>
		</dict>
		<key>5045A59A19B61FAB00ED99BB</key>
		<dict>
			<key>fileRef</key>
			<string>5045A59919B61FAB00ED99BB</string>
			<key>isa</key>
			<string>PBXBuildFile</string>
		</dict>
		<key>5045A59B19B61FAB00ED99BB</key>
		<dict>
			<key>isa</key>
			<string>PBXFileReference</string>
			<key>lastKnownFileType</key>
			<string>sourcecode.c.objc</string>
			<key>lineEnding</key>
			<string>0</string>
			<key>path</key>
			<string>PCDatabaseCore.m</string>
			<key>sourceTree</key>
			<string>&lt;group&gt;</string>
			<key>xcLanguageSpecificationIdentifier</key>
			<string>xcode.lang.objc</string>
		</dict>
		<key>5045A59C19B61FAB00ED99BB</key>
		<dict>
			<key>fileRef</key>
			<string>5045A59B19B61FAB00ED99BB</string>
			<key>isa</key>
			<string>PBXBuildFile</string>
		</dict>
		<key>5045A59D19B61FAB00ED99BB</key>
		<dict>
			<key>buildActionMask</key>
			<string>2147483647</string>
			<key>files</key>
			<array>
				<string>5045A5B119B61FAB00ED99BB</string>
				<string>50279A3C1ADBDA8B0021D959</string>
				<string>500A158C19BA0DEE0059DE22</string>
				<string>500A150619B9ACD10059DE22</string>
				<string>500A150319B9AC4B0059DE22</string>
			</array>
			<key>isa</key>
			<string>PBXSourcesBuildPhase</string>
			<key>runOnlyForDeploymentPostprocessing</key>
			<string>0</string>
		</dict>
		<key>5045A59E19B61FAB00ED99BB</key>
		<dict>
			<key>buildActionMask</key>
			<string>2147483647</string>
			<key>files</key>
			<array>
				<string>500A158B19BA09490059DE22</string>
				<string>5045A5A319B61FAB00ED99BB</string>
				<string>5045A5A619B61FAB00ED99BB</string>
				<string>5045A5A919B61FAB00ED99BB</string>
				<string>5045A5A419B61FAB00ED99BB</string>
				<string>62A7691D2A8242649DBA5764</string>
			</array>
			<key>isa</key>
			<string>PBXFrameworksBuildPhase</string>
			<key>runOnlyForDeploymentPostprocessing</key>
			<string>0</string>
		</dict>
		<key>5045A59F19B61FAB00ED99BB</key>
		<dict>
			<key>buildActionMask</key>
			<string>2147483647</string>
			<key>files</key>
			<array>
				<string>5045A5AF19B61FAB00ED99BB</string>
			</array>
			<key>isa</key>
			<string>PBXResourcesBuildPhase</string>
			<key>runOnlyForDeploymentPostprocessing</key>
			<string>0</string>
		</dict>
		<key>5045A5A019B61FAB00ED99BB</key>
		<dict>
			<key>buildConfigurationList</key>
			<string>5045A5B719B61FAB00ED99BB</string>
			<key>buildPhases</key>
			<array>
				<string>E67113FFC6BB484E8BD5E8CB</string>
				<string>5045A59D19B61FAB00ED99BB</string>
				<string>5045A59E19B61FAB00ED99BB</string>
				<string>5045A59F19B61FAB00ED99BB</string>
				<string>E4AA4EC4228C44E9B269E6AD</string>
				<string>7D408B52C0ED4A28D3224540</string>
			</array>
			<key>buildRules</key>
			<array/>
			<key>dependencies</key>
			<array>
				<string>5045A5A819B61FAB00ED99BB</string>
			</array>
			<key>isa</key>
			<string>PBXNativeTarget</string>
			<key>name</key>
			<string>PCDatabaseCoreTests</string>
			<key>productName</key>
			<string>PCDatabaseCoreTests</string>
			<key>productReference</key>
			<string>5045A5A119B61FAB00ED99BB</string>
			<key>productType</key>
			<string>com.apple.product-type.bundle.unit-test</string>
		</dict>
		<key>5045A5A119B61FAB00ED99BB</key>
		<dict>
			<key>explicitFileType</key>
			<string>wrapper.cfbundle</string>
			<key>includeInIndex</key>
			<string>0</string>
			<key>isa</key>
			<string>PBXFileReference</string>
			<key>path</key>
			<string>PCDatabaseCoreTests.xctest</string>
			<key>sourceTree</key>
			<string>BUILT_PRODUCTS_DIR</string>
		</dict>
		<key>5045A5A219B61FAB00ED99BB</key>
		<dict>
			<key>isa</key>
			<string>PBXFileReference</string>
			<key>lastKnownFileType</key>
			<string>wrapper.framework</string>
			<key>name</key>
			<string>XCTest.framework</string>
			<key>path</key>
			<string>Library/Frameworks/XCTest.framework</string>
			<key>sourceTree</key>
			<string>DEVELOPER_DIR</string>
		</dict>
		<key>5045A5A319B61FAB00ED99BB</key>
		<dict>
			<key>fileRef</key>
			<string>5045A5A219B61FAB00ED99BB</string>
			<key>isa</key>
			<string>PBXBuildFile</string>
		</dict>
		<key>5045A5A419B61FAB00ED99BB</key>
		<dict>
			<key>fileRef</key>
			<string>5045A59419B61FAB00ED99BB</string>
			<key>isa</key>
			<string>PBXBuildFile</string>
		</dict>
		<key>5045A5A519B61FAB00ED99BB</key>
		<dict>
			<key>isa</key>
			<string>PBXFileReference</string>
			<key>lastKnownFileType</key>
			<string>wrapper.framework</string>
			<key>name</key>
			<string>UIKit.framework</string>
			<key>path</key>
			<string>Library/Frameworks/UIKit.framework</string>
			<key>sourceTree</key>
			<string>DEVELOPER_DIR</string>
		</dict>
		<key>5045A5A619B61FAB00ED99BB</key>
		<dict>
			<key>fileRef</key>
			<string>5045A5A519B61FAB00ED99BB</string>
			<key>isa</key>
			<string>PBXBuildFile</string>
		</dict>
		<key>5045A5A719B61FAB00ED99BB</key>
		<dict>
			<key>containerPortal</key>
			<string>5045A58919B61FAB00ED99BB</string>
			<key>isa</key>
			<string>PBXContainerItemProxy</string>
			<key>proxyType</key>
			<string>1</string>
			<key>remoteGlobalIDString</key>
			<string>5045A59019B61FAB00ED99BB</string>
			<key>remoteInfo</key>
			<string>PCDatabaseCore</string>
		</dict>
		<key>5045A5A819B61FAB00ED99BB</key>
		<dict>
			<key>isa</key>
			<string>PBXTargetDependency</string>
			<key>target</key>
			<string>5045A59019B61FAB00ED99BB</string>
			<key>targetProxy</key>
			<string>5045A5A719B61FAB00ED99BB</string>
		</dict>
		<key>5045A5A919B61FAB00ED99BB</key>
		<dict>
			<key>fileRef</key>
			<string>5045A59119B61FAB00ED99BB</string>
			<key>isa</key>
			<string>PBXBuildFile</string>
		</dict>
		<key>5045A5AA19B61FAB00ED99BB</key>
		<dict>
			<key>children</key>
			<array>
				<string>500A150419B9ACD10059DE22</string>
				<string>500A150519B9ACD10059DE22</string>
				<string>500A150119B9AC4B0059DE22</string>
				<string>500A150219B9AC4B0059DE22</string>
				<string>5045A5B019B61FAB00ED99BB</string>
				<string>5045A5AB19B61FAB00ED99BB</string>
				<string>500A14FB19B9AAB50059DE22</string>
			</array>
			<key>isa</key>
			<string>PBXGroup</string>
			<key>path</key>
			<string>PCDatabaseCoreTests</string>
			<key>sourceTree</key>
			<string>&lt;group&gt;</string>
		</dict>
		<key>5045A5AB19B61FAB00ED99BB</key>
		<dict>
			<key>children</key>
			<array>
				<string>5045A5AC19B61FAB00ED99BB</string>
				<string>5045A5AD19B61FAB00ED99BB</string>
			</array>
			<key>isa</key>
			<string>PBXGroup</string>
			<key>name</key>
			<string>Supporting Files</string>
			<key>sourceTree</key>
			<string>&lt;group&gt;</string>
		</dict>
		<key>5045A5AC19B61FAB00ED99BB</key>
		<dict>
			<key>isa</key>
			<string>PBXFileReference</string>
			<key>lastKnownFileType</key>
			<string>text.plist.xml</string>
			<key>path</key>
			<string>PCDatabaseCoreTests-Info.plist</string>
			<key>sourceTree</key>
			<string>&lt;group&gt;</string>
		</dict>
		<key>5045A5AD19B61FAB00ED99BB</key>
		<dict>
			<key>children</key>
			<array>
				<string>5045A5AE19B61FAB00ED99BB</string>
			</array>
			<key>isa</key>
			<string>PBXVariantGroup</string>
			<key>name</key>
			<string>InfoPlist.strings</string>
			<key>sourceTree</key>
			<string>&lt;group&gt;</string>
		</dict>
		<key>5045A5AE19B61FAB00ED99BB</key>
		<dict>
			<key>isa</key>
			<string>PBXFileReference</string>
			<key>lastKnownFileType</key>
			<string>text.plist.strings</string>
			<key>name</key>
			<string>en</string>
			<key>path</key>
			<string>en.lproj/InfoPlist.strings</string>
			<key>sourceTree</key>
			<string>&lt;group&gt;</string>
		</dict>
		<key>5045A5AF19B61FAB00ED99BB</key>
		<dict>
			<key>fileRef</key>
			<string>5045A5AD19B61FAB00ED99BB</string>
			<key>isa</key>
			<string>PBXBuildFile</string>
		</dict>
		<key>5045A5B019B61FAB00ED99BB</key>
		<dict>
			<key>isa</key>
			<string>PBXFileReference</string>
			<key>lastKnownFileType</key>
			<string>sourcecode.c.objc</string>
			<key>lineEnding</key>
			<string>0</string>
			<key>path</key>
			<string>PCDatabaseCoreTests.m</string>
			<key>sourceTree</key>
			<string>&lt;group&gt;</string>
			<key>xcLanguageSpecificationIdentifier</key>
			<string>xcode.lang.objc</string>
		</dict>
		<key>5045A5B119B61FAB00ED99BB</key>
		<dict>
			<key>fileRef</key>
			<string>5045A5B019B61FAB00ED99BB</string>
			<key>isa</key>
			<string>PBXBuildFile</string>
		</dict>
		<key>5045A5B219B61FAB00ED99BB</key>
		<dict>
			<key>buildSettings</key>
			<dict>
				<key>ALWAYS_SEARCH_USER_PATHS</key>
				<string>NO</string>
				<key>CLANG_CXX_LANGUAGE_STANDARD</key>
				<string>gnu++0x</string>
				<key>CLANG_CXX_LIBRARY</key>
				<string>libc++</string>
				<key>CLANG_ENABLE_MODULES</key>
				<string>YES</string>
				<key>CLANG_ENABLE_OBJC_ARC</key>
				<string>YES</string>
				<key>CLANG_WARN_BOOL_CONVERSION</key>
				<string>YES</string>
				<key>CLANG_WARN_CONSTANT_CONVERSION</key>
				<string>YES</string>
				<key>CLANG_WARN_DIRECT_OBJC_ISA_USAGE</key>
				<string>YES_ERROR</string>
				<key>CLANG_WARN_EMPTY_BODY</key>
				<string>YES</string>
				<key>CLANG_WARN_ENUM_CONVERSION</key>
				<string>YES</string>
				<key>CLANG_WARN_INT_CONVERSION</key>
				<string>YES</string>
				<key>CLANG_WARN_OBJC_ROOT_CLASS</key>
				<string>YES_ERROR</string>
				<key>CLANG_WARN__DUPLICATE_METHOD_MATCH</key>
				<string>YES</string>
				<key>COPY_PHASE_STRIP</key>
				<string>NO</string>
				<key>GCC_C_LANGUAGE_STANDARD</key>
				<string>gnu99</string>
				<key>GCC_DYNAMIC_NO_PIC</key>
				<string>NO</string>
				<key>GCC_OPTIMIZATION_LEVEL</key>
				<string>0</string>
				<key>GCC_PREPROCESSOR_DEFINITIONS</key>
				<array>
					<string>DEBUG=1</string>
					<string>$(inherited)</string>
				</array>
				<key>GCC_SYMBOLS_PRIVATE_EXTERN</key>
				<string>NO</string>
				<key>GCC_WARN_64_TO_32_BIT_CONVERSION</key>
				<string>YES</string>
				<key>GCC_WARN_ABOUT_RETURN_TYPE</key>
				<string>YES_ERROR</string>
				<key>GCC_WARN_UNDECLARED_SELECTOR</key>
				<string>YES</string>
				<key>GCC_WARN_UNINITIALIZED_AUTOS</key>
				<string>YES_AGGRESSIVE</string>
				<key>GCC_WARN_UNUSED_FUNCTION</key>
				<string>YES</string>
				<key>GCC_WARN_UNUSED_VARIABLE</key>
				<string>YES</string>
				<key>IPHONEOS_DEPLOYMENT_TARGET</key>
				<string>7.1</string>
				<key>ONLY_ACTIVE_ARCH</key>
				<string>YES</string>
				<key>SDKROOT</key>
				<string>iphoneos</string>
			</dict>
			<key>isa</key>
			<string>XCBuildConfiguration</string>
			<key>name</key>
			<string>Debug</string>
		</dict>
		<key>5045A5B319B61FAB00ED99BB</key>
		<dict>
			<key>buildSettings</key>
			<dict>
				<key>ALWAYS_SEARCH_USER_PATHS</key>
				<string>NO</string>
				<key>CLANG_CXX_LANGUAGE_STANDARD</key>
				<string>gnu++0x</string>
				<key>CLANG_CXX_LIBRARY</key>
				<string>libc++</string>
				<key>CLANG_ENABLE_MODULES</key>
				<string>YES</string>
				<key>CLANG_ENABLE_OBJC_ARC</key>
				<string>YES</string>
				<key>CLANG_WARN_BOOL_CONVERSION</key>
				<string>YES</string>
				<key>CLANG_WARN_CONSTANT_CONVERSION</key>
				<string>YES</string>
				<key>CLANG_WARN_DIRECT_OBJC_ISA_USAGE</key>
				<string>YES_ERROR</string>
				<key>CLANG_WARN_EMPTY_BODY</key>
				<string>YES</string>
				<key>CLANG_WARN_ENUM_CONVERSION</key>
				<string>YES</string>
				<key>CLANG_WARN_INT_CONVERSION</key>
				<string>YES</string>
				<key>CLANG_WARN_OBJC_ROOT_CLASS</key>
				<string>YES_ERROR</string>
				<key>CLANG_WARN__DUPLICATE_METHOD_MATCH</key>
				<string>YES</string>
				<key>COPY_PHASE_STRIP</key>
				<string>YES</string>
				<key>ENABLE_NS_ASSERTIONS</key>
				<string>NO</string>
				<key>GCC_C_LANGUAGE_STANDARD</key>
				<string>gnu99</string>
				<key>GCC_WARN_64_TO_32_BIT_CONVERSION</key>
				<string>YES</string>
				<key>GCC_WARN_ABOUT_RETURN_TYPE</key>
				<string>YES_ERROR</string>
				<key>GCC_WARN_UNDECLARED_SELECTOR</key>
				<string>YES</string>
				<key>GCC_WARN_UNINITIALIZED_AUTOS</key>
				<string>YES_AGGRESSIVE</string>
				<key>GCC_WARN_UNUSED_FUNCTION</key>
				<string>YES</string>
				<key>GCC_WARN_UNUSED_VARIABLE</key>
				<string>YES</string>
				<key>IPHONEOS_DEPLOYMENT_TARGET</key>
				<string>7.1</string>
				<key>SDKROOT</key>
				<string>iphoneos</string>
				<key>VALIDATE_PRODUCT</key>
				<string>YES</string>
			</dict>
			<key>isa</key>
			<string>XCBuildConfiguration</string>
			<key>name</key>
			<string>Release</string>
		</dict>
		<key>5045A5B419B61FAB00ED99BB</key>
		<dict>
			<key>buildConfigurations</key>
			<array>
				<string>5045A5B519B61FAB00ED99BB</string>
				<string>5045A5B619B61FAB00ED99BB</string>
			</array>
			<key>defaultConfigurationIsVisible</key>
			<string>0</string>
			<key>defaultConfigurationName</key>
			<string>Release</string>
			<key>isa</key>
			<string>XCConfigurationList</string>
		</dict>
		<key>5045A5B519B61FAB00ED99BB</key>
		<dict>
			<key>buildSettings</key>
			<dict>
				<key>DSTROOT</key>
				<string>/tmp/PCDatabaseCore.dst</string>
				<key>GCC_PRECOMPILE_PREFIX_HEADER</key>
				<string>YES</string>
				<key>GCC_PREFIX_HEADER</key>
				<string>PCDatabaseCore/PCDatabaseCore-Prefix.pch</string>
				<key>OTHER_LDFLAGS</key>
				<string>-ObjC</string>
				<key>PRODUCT_NAME</key>
				<string>$(TARGET_NAME)</string>
				<key>SKIP_INSTALL</key>
				<string>YES</string>
			</dict>
			<key>isa</key>
			<string>XCBuildConfiguration</string>
			<key>name</key>
			<string>Debug</string>
		</dict>
		<key>5045A5B619B61FAB00ED99BB</key>
		<dict>
			<key>buildSettings</key>
			<dict>
				<key>DSTROOT</key>
				<string>/tmp/PCDatabaseCore.dst</string>
				<key>GCC_PRECOMPILE_PREFIX_HEADER</key>
				<string>YES</string>
				<key>GCC_PREFIX_HEADER</key>
				<string>PCDatabaseCore/PCDatabaseCore-Prefix.pch</string>
				<key>OTHER_LDFLAGS</key>
				<string>-ObjC</string>
				<key>PRODUCT_NAME</key>
				<string>$(TARGET_NAME)</string>
				<key>SKIP_INSTALL</key>
				<string>YES</string>
			</dict>
			<key>isa</key>
			<string>XCBuildConfiguration</string>
			<key>name</key>
			<string>Release</string>
		</dict>
		<key>5045A5B719B61FAB00ED99BB</key>
		<dict>
			<key>buildConfigurations</key>
			<array>
				<string>5045A5B819B61FAB00ED99BB</string>
				<string>5045A5B919B61FAB00ED99BB</string>
			</array>
			<key>defaultConfigurationIsVisible</key>
			<string>0</string>
			<key>defaultConfigurationName</key>
			<string>Release</string>
			<key>isa</key>
			<string>XCConfigurationList</string>
		</dict>
		<key>5045A5B819B61FAB00ED99BB</key>
		<dict>
			<key>baseConfigurationReference</key>
			<string>5BECB23E0D4B10E088D8F133</string>
			<key>buildSettings</key>
			<dict>
				<key>FRAMEWORK_SEARCH_PATHS</key>
				<array>
					<string>$(SDKROOT)/Developer/Library/Frameworks</string>
					<string>$(inherited)</string>
					<string>$(DEVELOPER_FRAMEWORKS_DIR)</string>
				</array>
				<key>GCC_PRECOMPILE_PREFIX_HEADER</key>
				<string>YES</string>
				<key>GCC_PREFIX_HEADER</key>
				<string>PCDatabaseCore/PCDatabaseCore-Prefix.pch</string>
				<key>GCC_PREPROCESSOR_DEFINITIONS</key>
				<array>
					<string>DEBUG=1</string>
					<string>$(inherited)</string>
				</array>
				<key>INFOPLIST_FILE</key>
				<string>PCDatabaseCoreTests/PCDatabaseCoreTests-Info.plist</string>
				<key>PRODUCT_NAME</key>
				<string>$(TARGET_NAME)</string>
				<key>WRAPPER_EXTENSION</key>
				<string>xctest</string>
			</dict>
			<key>isa</key>
			<string>XCBuildConfiguration</string>
			<key>name</key>
			<string>Debug</string>
		</dict>
		<key>5045A5B919B61FAB00ED99BB</key>
		<dict>
			<key>baseConfigurationReference</key>
			<string>AC8EC44B4DE23FD9D605842C</string>
			<key>buildSettings</key>
			<dict>
				<key>FRAMEWORK_SEARCH_PATHS</key>
				<array>
					<string>$(SDKROOT)/Developer/Library/Frameworks</string>
					<string>$(inherited)</string>
					<string>$(DEVELOPER_FRAMEWORKS_DIR)</string>
				</array>
				<key>GCC_PRECOMPILE_PREFIX_HEADER</key>
				<string>YES</string>
				<key>GCC_PREFIX_HEADER</key>
				<string>PCDatabaseCore/PCDatabaseCore-Prefix.pch</string>
				<key>INFOPLIST_FILE</key>
				<string>PCDatabaseCoreTests/PCDatabaseCoreTests-Info.plist</string>
				<key>PRODUCT_NAME</key>
				<string>$(TARGET_NAME)</string>
				<key>WRAPPER_EXTENSION</key>
				<string>xctest</string>
			</dict>
			<key>isa</key>
			<string>XCBuildConfiguration</string>
			<key>name</key>
			<string>Release</string>
		</dict>
		<key>5045A5BA19B6ED1200ED99BB</key>
		<dict>
			<key>fileEncoding</key>
			<string>4</string>
			<key>isa</key>
			<string>PBXFileReference</string>
			<key>lastKnownFileType</key>
			<string>sourcecode.c.h</string>
			<key>path</key>
			<string>PCDatabaseCore_Categories.h</string>
			<key>sourceTree</key>
			<string>&lt;group&gt;</string>
		</dict>
		<key>5045A5BD19B6ED1200ED99BB</key>
		<dict>
			<key>fileEncoding</key>
			<string>4</string>
			<key>isa</key>
			<string>PBXFileReference</string>
			<key>lastKnownFileType</key>
			<string>sourcecode.c.h</string>
			<key>path</key>
			<string>PCDatabaseCore+CountEntities.h</string>
			<key>sourceTree</key>
			<string>&lt;group&gt;</string>
		</dict>
		<key>5045A5BE19B6ED1200ED99BB</key>
		<dict>
			<key>fileEncoding</key>
			<string>4</string>
			<key>isa</key>
			<string>PBXFileReference</string>
			<key>lastKnownFileType</key>
			<string>sourcecode.c.objc</string>
			<key>path</key>
			<string>PCDatabaseCore+CountEntities.m</string>
			<key>sourceTree</key>
			<string>&lt;group&gt;</string>
		</dict>
		<key>5045A5BF19B6ED1200ED99BB</key>
		<dict>
			<key>fileEncoding</key>
			<string>4</string>
			<key>isa</key>
			<string>PBXFileReference</string>
			<key>lastKnownFileType</key>
			<string>sourcecode.c.h</string>
			<key>path</key>
			<string>PCDatabaseCore+CreateEntity.h</string>
			<key>sourceTree</key>
			<string>&lt;group&gt;</string>
		</dict>
		<key>5045A5C019B6ED1200ED99BB</key>
		<dict>
			<key>fileEncoding</key>
			<string>4</string>
			<key>isa</key>
			<string>PBXFileReference</string>
			<key>lastKnownFileType</key>
			<string>sourcecode.c.objc</string>
			<key>lineEnding</key>
			<string>0</string>
			<key>path</key>
			<string>PCDatabaseCore+CreateEntity.m</string>
			<key>sourceTree</key>
			<string>&lt;group&gt;</string>
			<key>xcLanguageSpecificationIdentifier</key>
			<string>xcode.lang.objc</string>
		</dict>
		<key>5045A5C119B6ED1200ED99BB</key>
		<dict>
			<key>fileEncoding</key>
			<string>4</string>
			<key>isa</key>
			<string>PBXFileReference</string>
			<key>lastKnownFileType</key>
			<string>sourcecode.c.h</string>
			<key>path</key>
			<string>PCDatabaseCore+Fetching.h</string>
			<key>sourceTree</key>
			<string>&lt;group&gt;</string>
		</dict>
		<key>5045A5C219B6ED1200ED99BB</key>
		<dict>
			<key>fileEncoding</key>
			<string>4</string>
			<key>isa</key>
			<string>PBXFileReference</string>
			<key>lastKnownFileType</key>
			<string>sourcecode.c.objc</string>
			<key>path</key>
			<string>PCDatabaseCore+Fetching.m</string>
			<key>sourceTree</key>
			<string>&lt;group&gt;</string>
		</dict>
		<key>5045A5C319B6ED1200ED99BB</key>
		<dict>
			<key>fileEncoding</key>
			<string>4</string>
			<key>isa</key>
			<string>PBXFileReference</string>
			<key>lastKnownFileType</key>
			<string>sourcecode.c.h</string>
			<key>path</key>
			<string>PCDatabaseCore+GetEntity.h</string>
			<key>sourceTree</key>
			<string>&lt;group&gt;</string>
		</dict>
		<key>5045A5C419B6ED1200ED99BB</key>
		<dict>
			<key>fileEncoding</key>
			<string>4</string>
			<key>isa</key>
			<string>PBXFileReference</string>
			<key>lastKnownFileType</key>
			<string>sourcecode.c.objc</string>
			<key>lineEnding</key>
			<string>0</string>
			<key>path</key>
			<string>PCDatabaseCore+GetEntity.m</string>
			<key>sourceTree</key>
			<string>&lt;group&gt;</string>
			<key>xcLanguageSpecificationIdentifier</key>
			<string>xcode.lang.objc</string>
		</dict>
		<key>5045A5C519B6ED1200ED99BB</key>
		<dict>
			<key>fileEncoding</key>
			<string>4</string>
			<key>isa</key>
			<string>PBXFileReference</string>
			<key>lastKnownFileType</key>
			<string>sourcecode.c.h</string>
			<key>path</key>
			<string>PCDatabaseCore+RemoveEntity.h</string>
			<key>sourceTree</key>
			<string>&lt;group&gt;</string>
		</dict>
		<key>5045A5C619B6ED1200ED99BB</key>
		<dict>
			<key>fileEncoding</key>
			<string>4</string>
			<key>isa</key>
			<string>PBXFileReference</string>
			<key>lastKnownFileType</key>
			<string>sourcecode.c.objc</string>
			<key>lineEnding</key>
			<string>0</string>
			<key>path</key>
			<string>PCDatabaseCore+RemoveEntity.m</string>
			<key>sourceTree</key>
			<string>&lt;group&gt;</string>
			<key>xcLanguageSpecificationIdentifier</key>
			<string>xcode.lang.objc</string>
		</dict>
		<key>5045A5D019B6ED1200ED99BB</key>
		<dict>
			<key>fileRef</key>
			<string>5045A5BE19B6ED1200ED99BB</string>
			<key>isa</key>
			<string>PBXBuildFile</string>
		</dict>
		<key>5045A5D119B6ED1200ED99BB</key>
		<dict>
			<key>fileRef</key>
			<string>5045A5C019B6ED1200ED99BB</string>
			<key>isa</key>
			<string>PBXBuildFile</string>
		</dict>
		<key>5045A5D219B6ED1200ED99BB</key>
		<dict>
			<key>fileRef</key>
			<string>5045A5C219B6ED1200ED99BB</string>
			<key>isa</key>
			<string>PBXBuildFile</string>
		</dict>
		<key>5045A5D319B6ED1200ED99BB</key>
		<dict>
			<key>fileRef</key>
			<string>5045A5C419B6ED1200ED99BB</string>
			<key>isa</key>
			<string>PBXBuildFile</string>
		</dict>
		<key>5045A5D419B6ED1200ED99BB</key>
		<dict>
			<key>fileRef</key>
			<string>5045A5C619B6ED1200ED99BB</string>
			<key>isa</key>
			<string>PBXBuildFile</string>
		</dict>
		<key>5045A5D919B6EED700ED99BB</key>
		<dict>
			<key>children</key>
			<array>
				<string>500A14F819B9A3EC0059DE22</string>
				<string>500A14F919B9A3EC0059DE22</string>
				<string>5045A5DA19B6EED700ED99BB</string>
				<string>5045A5DB19B6EED700ED99BB</string>
				<string>5045A5DC19B6EED700ED99BB</string>
				<string>5045A5DD19B6EED700ED99BB</string>
				<string>5045A5DE19B6EED700ED99BB</string>
				<string>5045A5DF19B6EED700ED99BB</string>
				<string>5045A5E019B6EED700ED99BB</string>
				<string>5045A5E119B6EED700ED99BB</string>
			</array>
			<key>isa</key>
			<string>PBXGroup</string>
			<key>path</key>
			<string>Categories</string>
			<key>sourceTree</key>
			<string>&lt;group&gt;</string>
		</dict>
		<key>5045A5DA19B6EED700ED99BB</key>
		<dict>
			<key>fileEncoding</key>
			<string>4</string>
			<key>isa</key>
			<string>PBXFileReference</string>
			<key>lastKnownFileType</key>
			<string>sourcecode.c.h</string>
			<key>path</key>
			<string>NSError+DatabaseError.h</string>
			<key>sourceTree</key>
			<string>&lt;group&gt;</string>
		</dict>
		<key>5045A5DB19B6EED700ED99BB</key>
		<dict>
			<key>fileEncoding</key>
			<string>4</string>
			<key>isa</key>
			<string>PBXFileReference</string>
			<key>lastKnownFileType</key>
			<string>sourcecode.c.objc</string>
			<key>path</key>
			<string>NSError+DatabaseError.m</string>
			<key>sourceTree</key>
			<string>&lt;group&gt;</string>
		</dict>
		<key>5045A5DC19B6EED700ED99BB</key>
		<dict>
			<key>fileEncoding</key>
			<string>4</string>
			<key>isa</key>
			<string>PBXFileReference</string>
			<key>lastKnownFileType</key>
			<string>sourcecode.c.h</string>
			<key>path</key>
			<string>NSManagedObject+ImportFromJSON.h</string>
			<key>sourceTree</key>
			<string>&lt;group&gt;</string>
		</dict>
		<key>5045A5DD19B6EED700ED99BB</key>
		<dict>
			<key>fileEncoding</key>
			<string>4</string>
			<key>isa</key>
			<string>PBXFileReference</string>
			<key>lastKnownFileType</key>
			<string>sourcecode.c.objc</string>
			<key>path</key>
			<string>NSManagedObject+ImportFromJSON.m</string>
			<key>sourceTree</key>
			<string>&lt;group&gt;</string>
		</dict>
		<key>5045A5DE19B6EED700ED99BB</key>
		<dict>
			<key>fileEncoding</key>
			<string>4</string>
			<key>isa</key>
			<string>PBXFileReference</string>
			<key>lastKnownFileType</key>
			<string>sourcecode.c.h</string>
			<key>path</key>
			<string>NSManagedObjectModel+KCOrderedAccessorFix.h</string>
			<key>sourceTree</key>
			<string>&lt;group&gt;</string>
		</dict>
		<key>5045A5DF19B6EED700ED99BB</key>
		<dict>
			<key>fileEncoding</key>
			<string>4</string>
			<key>isa</key>
			<string>PBXFileReference</string>
			<key>lastKnownFileType</key>
			<string>sourcecode.c.objc</string>
			<key>path</key>
			<string>NSManagedObjectModel+KCOrderedAccessorFix.m</string>
			<key>sourceTree</key>
			<string>&lt;group&gt;</string>
		</dict>
		<key>5045A5E019B6EED700ED99BB</key>
		<dict>
			<key>fileEncoding</key>
			<string>4</string>
			<key>isa</key>
			<string>PBXFileReference</string>
			<key>lastKnownFileType</key>
			<string>sourcecode.c.h</string>
			<key>path</key>
			<string>UIApplication+Directories.h</string>
			<key>sourceTree</key>
			<string>&lt;group&gt;</string>
		</dict>
		<key>5045A5E119B6EED700ED99BB</key>
		<dict>
			<key>fileEncoding</key>
			<string>4</string>
			<key>isa</key>
			<string>PBXFileReference</string>
			<key>lastKnownFileType</key>
			<string>sourcecode.c.objc</string>
			<key>path</key>
			<string>UIApplication+Directories.m</string>
			<key>sourceTree</key>
			<string>&lt;group&gt;</string>
		</dict>
		<key>5045A5E219B6EED700ED99BB</key>
		<dict>
			<key>fileRef</key>
			<string>5045A5DB19B6EED700ED99BB</string>
			<key>isa</key>
			<string>PBXBuildFile</string>
		</dict>
		<key>5045A5E319B6EED700ED99BB</key>
		<dict>
			<key>fileRef</key>
			<string>5045A5DD19B6EED700ED99BB</string>
			<key>isa</key>
			<string>PBXBuildFile</string>
		</dict>
		<key>5045A5E419B6EED700ED99BB</key>
		<dict>
			<key>fileRef</key>
			<string>5045A5DF19B6EED700ED99BB</string>
			<key>isa</key>
			<string>PBXBuildFile</string>
		</dict>
		<key>5045A5E519B6EED700ED99BB</key>
		<dict>
			<key>fileRef</key>
			<string>5045A5E119B6EED700ED99BB</string>
			<key>isa</key>
			<string>PBXBuildFile</string>
		</dict>
		<key>50DBEDAA19D2E738007CB315</key>
		<dict>
			<key>children</key>
			<array>
				<string>50279A3A1ADBDA8B0021D959</string>
				<string>50279A3B1ADBDA8B0021D959</string>
			</array>
			<key>isa</key>
			<string>PBXGroup</string>
			<key>name</key>
			<string>Tests</string>
			<key>sourceTree</key>
			<string>&lt;group&gt;</string>
		</dict>
		<key>5BECB23E0D4B10E088D8F133</key>
		<dict>
			<key>includeInIndex</key>
			<string>1</string>
			<key>isa</key>
			<string>PBXFileReference</string>
			<key>lastKnownFileType</key>
			<string>text.xcconfig</string>
			<key>name</key>
			<string>Pods-PCDatabaseCoreTests.debug.xcconfig</string>
			<key>path</key>
			<string>Pods/Target Support Files/Pods-PCDatabaseCoreTests/Pods-PCDatabaseCoreTests.debug.xcconfig</string>
			<key>sourceTree</key>
			<string>&lt;group&gt;</string>
		</dict>
		<key>62A7691D2A8242649DBA5764</key>
		<dict>
			<key>fileRef</key>
			<string>C88AC2A23FAD4E9C98F74919</string>
			<key>isa</key>
			<string>PBXBuildFile</string>
		</dict>
		<key>7D408B52C0ED4A28D3224540</key>
		<dict>
			<key>buildActionMask</key>
			<string>2147483647</string>
			<key>files</key>
			<array/>
			<key>inputPaths</key>
			<array/>
			<key>isa</key>
			<string>PBXShellScriptBuildPhase</string>
			<key>name</key>
			<string>Embed Pods Frameworks</string>
			<key>outputPaths</key>
			<array/>
			<key>runOnlyForDeploymentPostprocessing</key>
			<string>0</string>
			<key>shellPath</key>
			<string>/bin/sh</string>
			<key>shellScript</key>
			<string>"${SRCROOT}/Pods/Target Support Files/Pods-PCDatabaseCoreTests/Pods-PCDatabaseCoreTests-frameworks.sh"
</string>
			<key>showEnvVarsInLog</key>
			<string>0</string>
		</dict>
		<key>AC8EC44B4DE23FD9D605842C</key>
		<dict>
			<key>includeInIndex</key>
			<string>1</string>
			<key>isa</key>
			<string>PBXFileReference</string>
			<key>lastKnownFileType</key>
			<string>text.xcconfig</string>
			<key>name</key>
			<string>Pods-PCDatabaseCoreTests.release.xcconfig</string>
			<key>path</key>
			<string>Pods/Target Support Files/Pods-PCDatabaseCoreTests/Pods-PCDatabaseCoreTests.release.xcconfig</string>
			<key>sourceTree</key>
			<string>&lt;group&gt;</string>
		</dict>
		<key>C29AA8AFE339F1ABE0D3D883</key>
		<dict>
			<key>children</key>
			<array>
				<string>5BECB23E0D4B10E088D8F133</string>
				<string>AC8EC44B4DE23FD9D605842C</string>
			</array>
			<key>isa</key>
			<string>PBXGroup</string>
			<key>name</key>
			<string>Pods</string>
			<key>sourceTree</key>
			<string>&lt;group&gt;</string>
		</dict>
		<key>C88AC2A23FAD4E9C98F74919</key>
		<dict>
			<key>explicitFileType</key>
			<string>archive.ar</string>
			<key>includeInIndex</key>
			<string>0</string>
			<key>isa</key>
			<string>PBXFileReference</string>
			<key>path</key>
			<string>libPods-PCDatabaseCoreTests.a</string>
			<key>sourceTree</key>
			<string>BUILT_PRODUCTS_DIR</string>
		</dict>
		<key>E4AA4EC4228C44E9B269E6AD</key>
		<dict>
			<key>buildActionMask</key>
			<string>2147483647</string>
			<key>files</key>
			<array/>
			<key>inputPaths</key>
			<array/>
			<key>isa</key>
			<string>PBXShellScriptBuildPhase</string>
			<key>name</key>
			<string>Copy Pods Resources</string>
			<key>outputPaths</key>
			<array/>
			<key>runOnlyForDeploymentPostprocessing</key>
			<string>0</string>
			<key>shellPath</key>
			<string>/bin/sh</string>
			<key>shellScript</key>
			<string>"${SRCROOT}/Pods/Target Support Files/Pods-PCDatabaseCoreTests/Pods-PCDatabaseCoreTests-resources.sh"
</string>
			<key>showEnvVarsInLog</key>
			<string>0</string>
		</dict>
		<key>E67113FFC6BB484E8BD5E8CB</key>
		<dict>
			<key>buildActionMask</key>
			<string>2147483647</string>
			<key>files</key>
			<array/>
			<key>inputPaths</key>
			<array/>
			<key>isa</key>
			<string>PBXShellScriptBuildPhase</string>
			<key>name</key>
			<string>Check Pods Manifest.lock</string>
			<key>outputPaths</key>
			<array/>
			<key>runOnlyForDeploymentPostprocessing</key>
			<string>0</string>
			<key>shellPath</key>
			<string>/bin/sh</string>
			<key>shellScript</key>
			<string>diff "${PODS_ROOT}/../Podfile.lock" "${PODS_ROOT}/Manifest.lock" &gt; /dev/null
if [[ $? != 0 ]] ; then
    cat &lt;&lt; EOM
error: The sandbox is not in sync with the Podfile.lock. Run 'pod install' or update your CocoaPods installation.
EOM
    exit 1
fi
</string>
			<key>showEnvVarsInLog</key>
			<string>0</string>
		</dict>
	</dict>
	<key>rootObject</key>
	<string>5045A58919B61FAB00ED99BB</string>
</dict>
</plist>
